<?xml version="1.0" encoding="utf-8"?>
<Project ToolsVersion="4.0" xmlns="http://schemas.microsoft.com/developer/msbuild/2003">
  <ItemGroup>
    <Filter Include="shared">
      <UniqueIdentifier>{237914b2-1bb4-4c04-a05f-f5afa5b611e0}</UniqueIdentifier>
    </Filter>
    <Filter Include="server">
      <UniqueIdentifier>{a3d2aae6-0370-4187-8177-26d075c4759d}</UniqueIdentifier>
    </Filter>
    <Filter Include="server\graphics">
      <UniqueIdentifier>{054e25b0-b064-489f-8cac-84421c26dc45}</UniqueIdentifier>
    </Filter>
    <Filter Include="server\physics">
      <UniqueIdentifier>{998afc62-898d-431f-bc7a-4213bc970cff}</UniqueIdentifier>
    </Filter>
    <Filter Include="server\base">
      <UniqueIdentifier>{198ffa4b-a45c-419e-858f-ccb76d1b3e4d}</UniqueIdentifier>
    </Filter>
    <Filter Include="server\networking">
      <UniqueIdentifier>{e5601c4b-0e37-4ce1-bb62-3ddabfe345c7}</UniqueIdentifier>
    </Filter>
    <Filter Include="shared\base">
      <UniqueIdentifier>{4628e12d-72e5-4a9f-b085-b15ad3b2c3cb}</UniqueIdentifier>
    </Filter>
    <Filter Include="shared\graphics">
      <UniqueIdentifier>{4006d8a1-b632-4fe0-b33a-42aab5007279}</UniqueIdentifier>
    </Filter>
    <Filter Include="shared\networking">
      <UniqueIdentifier>{902fbe3c-0d32-405c-a55e-386e600c75d4}</UniqueIdentifier>
    </Filter>
    <Filter Include="shared\physics">
      <UniqueIdentifier>{0cc8a3b1-23cf-473a-bd80-396f9f56abb9}</UniqueIdentifier>
    </Filter>
    <Filter Include="shared\raknet">
      <UniqueIdentifier>{ff212b2e-ef33-4bf5-b576-ce80cae91784}</UniqueIdentifier>
    </Filter>
    <Filter Include="shared\physics\cars">
      <UniqueIdentifier>{38c010dd-5e9a-40b5-b21f-f0de250b7558}</UniqueIdentifier>
    </Filter>
    <Filter Include="server\gameplay">
      <UniqueIdentifier>{85e70af0-8118-4fba-a3fa-5990a7cc87a1}</UniqueIdentifier>
    </Filter>
  </ItemGroup>
  <ItemGroup>
    <ClInclude Include="resource.h" />
    <ClInclude Include="..\..\server\base\includes\Player.h">
      <Filter>server\base</Filter>
    </ClInclude>
    <ClInclude Include="..\..\server\gameplay\includes\Gameplay.h">
      <Filter>server\gameplay</Filter>
    </ClInclude>
    <ClInclude Include="..\..\server\gameplay\includes\Team.h">
      <Filter>server\gameplay</Filter>
    </ClInclude>
    <ClInclude Include="..\..\server\graphics\includes\BigScreen.h">
      <Filter>server\graphics</Filter>
    </ClInclude>
    <ClInclude Include="..\..\server\graphics\includes\GraphicsApplication.h">
      <Filter>server\graphics</Filter>
    </ClInclude>
    <ClInclude Include="..\..\server\graphics\includes\GraphicsCore.h">
      <Filter>server\graphics</Filter>
    </ClInclude>
    <ClInclude Include="..\..\server\graphics\includes\ViewportManager.h">
      <Filter>server\graphics</Filter>
    </ClInclude>
    <ClInclude Include="..\..\server\networking\includes\NetworkCore.h">
      <Filter>server\networking</Filter>
    </ClInclude>
    <ClInclude Include="..\..\server\networking\includes\PlayerPool.h">
      <Filter>server\networking</Filter>
    </ClInclude>
    <ClInclude Include="..\..\shared\base\includes\CircularBuffer.h">
      <Filter>shared\base</Filter>
    </ClInclude>
    <ClInclude Include="..\..\shared\base\includes\Input.h">
      <Filter>shared\base</Filter>
    </ClInclude>
    <ClInclude Include="..\..\shared\base\includes\InputState.h">
      <Filter>shared\base</Filter>
    </ClInclude>
    <ClInclude Include="..\..\shared\base\includes\stdafx.h">
      <Filter>shared\base</Filter>
    </ClInclude>
    <ClInclude Include="..\..\shared\physics\includes\Car.h">
      <Filter>shared\physics</Filter>
    </ClInclude>
    <ClInclude Include="..\..\shared\physics\includes\CarSnapshot.h">
      <Filter>shared\physics</Filter>
    </ClInclude>
    <ClInclude Include="..\..\shared\physics\includes\PhysicsCore.h">
      <Filter>shared\physics</Filter>
    </ClInclude>
    <ClInclude Include="..\..\shared\physics\includes\cars\SimpleCoupeCar.h">
      <Filter>shared\physics\cars</Filter>
    </ClInclude>
    <ClInclude Include="..\..\shared\physics\includes\cars\BulletBuggyCar.h">
      <Filter>shared\physics\cars</Filter>
    </ClInclude>
    <ClInclude Include="..\..\shared\raknet\AutopatcherPatchContext.h">
      <Filter>shared\raknet</Filter>
    </ClInclude>
    <ClInclude Include="..\..\shared\raknet\AutopatcherRepositoryInterface.h">
      <Filter>shared\raknet</Filter>
    </ClInclude>
    <ClInclude Include="..\..\shared\raknet\BitStream.h">
      <Filter>shared\raknet</Filter>
    </ClInclude>
    <ClInclude Include="..\..\shared\raknet\CCRakNetSlidingWindow.h">
      <Filter>shared\raknet</Filter>
    </ClInclude>
    <ClInclude Include="..\..\shared\raknet\CCRakNetUDT.h">
      <Filter>shared\raknet</Filter>
    </ClInclude>
    <ClInclude Include="..\..\shared\raknet\CheckSum.h">
      <Filter>shared\raknet</Filter>
    </ClInclude>
    <ClInclude Include="..\..\shared\raknet\CloudClient.h">
      <Filter>shared\raknet</Filter>
    </ClInclude>
    <ClInclude Include="..\..\shared\raknet\CloudCommon.h">
      <Filter>shared\raknet</Filter>
    </ClInclude>
    <ClInclude Include="..\..\shared\raknet\CloudServer.h">
      <Filter>shared\raknet</Filter>
    </ClInclude>
    <ClInclude Include="..\..\shared\raknet\CommandParserInterface.h">
      <Filter>shared\raknet</Filter>
    </ClInclude>
    <ClInclude Include="..\..\shared\raknet\ConnectionGraph2.h">
      <Filter>shared\raknet</Filter>
    </ClInclude>
    <ClInclude Include="..\..\shared\raknet\ConsoleServer.h">
      <Filter>shared\raknet</Filter>
    </ClInclude>
    <ClInclude Include="..\..\shared\raknet\DataCompressor.h">
      <Filter>shared\raknet</Filter>
    </ClInclude>
    <ClInclude Include="..\..\shared\raknet\DirectoryDeltaTransfer.h">
      <Filter>shared\raknet</Filter>
    </ClInclude>
    <ClInclude Include="..\..\shared\raknet\DS_BinarySearchTree.h">
      <Filter>shared\raknet</Filter>
    </ClInclude>
    <ClInclude Include="..\..\shared\raknet\DS_BPlusTree.h">
      <Filter>shared\raknet</Filter>
    </ClInclude>
    <ClInclude Include="..\..\shared\raknet\DS_BytePool.h">
      <Filter>shared\raknet</Filter>
    </ClInclude>
    <ClInclude Include="..\..\shared\raknet\DS_ByteQueue.h">
      <Filter>shared\raknet</Filter>
    </ClInclude>
    <ClInclude Include="..\..\shared\raknet\DS_Hash.h">
      <Filter>shared\raknet</Filter>
    </ClInclude>
    <ClInclude Include="..\..\shared\raknet\DS_Heap.h">
      <Filter>shared\raknet</Filter>
    </ClInclude>
    <ClInclude Include="..\..\shared\raknet\DS_HuffmanEncodingTree.h">
      <Filter>shared\raknet</Filter>
    </ClInclude>
    <ClInclude Include="..\..\shared\raknet\DS_HuffmanEncodingTreeFactory.h">
      <Filter>shared\raknet</Filter>
    </ClInclude>
    <ClInclude Include="..\..\shared\raknet\DS_HuffmanEncodingTreeNode.h">
      <Filter>shared\raknet</Filter>
    </ClInclude>
    <ClInclude Include="..\..\shared\raknet\DS_LinkedList.h">
      <Filter>shared\raknet</Filter>
    </ClInclude>
    <ClInclude Include="..\..\shared\raknet\DS_List.h">
      <Filter>shared\raknet</Filter>
    </ClInclude>
    <ClInclude Include="..\..\shared\raknet\DS_Map.h">
      <Filter>shared\raknet</Filter>
    </ClInclude>
    <ClInclude Include="..\..\shared\raknet\DS_MemoryPool.h">
      <Filter>shared\raknet</Filter>
    </ClInclude>
    <ClInclude Include="..\..\shared\raknet\DS_Multilist.h">
      <Filter>shared\raknet</Filter>
    </ClInclude>
    <ClInclude Include="..\..\shared\raknet\DS_OrderedChannelHeap.h">
      <Filter>shared\raknet</Filter>
    </ClInclude>
    <ClInclude Include="..\..\shared\raknet\DS_OrderedList.h">
      <Filter>shared\raknet</Filter>
    </ClInclude>
    <ClInclude Include="..\..\shared\raknet\DS_Queue.h">
      <Filter>shared\raknet</Filter>
    </ClInclude>
    <ClInclude Include="..\..\shared\raknet\DS_QueueLinkedList.h">
      <Filter>shared\raknet</Filter>
    </ClInclude>
    <ClInclude Include="..\..\shared\raknet\DS_RangeList.h">
      <Filter>shared\raknet</Filter>
    </ClInclude>
    <ClInclude Include="..\..\shared\raknet\DS_Table.h">
      <Filter>shared\raknet</Filter>
    </ClInclude>
    <ClInclude Include="..\..\shared\raknet\DS_ThreadsafeAllocatingQueue.h">
      <Filter>shared\raknet</Filter>
    </ClInclude>
    <ClInclude Include="..\..\shared\raknet\DS_Tree.h">
      <Filter>shared\raknet</Filter>
    </ClInclude>
    <ClInclude Include="..\..\shared\raknet\DS_WeightedGraph.h">
      <Filter>shared\raknet</Filter>
    </ClInclude>
    <ClInclude Include="..\..\shared\raknet\DynDNS.h">
      <Filter>shared\raknet</Filter>
    </ClInclude>
    <ClInclude Include="..\..\shared\raknet\EmailSender.h">
      <Filter>shared\raknet</Filter>
    </ClInclude>
    <ClInclude Include="..\..\shared\raknet\EpochTimeToString.h">
      <Filter>shared\raknet</Filter>
    </ClInclude>
    <ClInclude Include="..\..\shared\raknet\Export.h">
      <Filter>shared\raknet</Filter>
    </ClInclude>
    <ClInclude Include="..\..\shared\raknet\FileList.h">
      <Filter>shared\raknet</Filter>
    </ClInclude>
    <ClInclude Include="..\..\shared\raknet\FileListNodeContext.h">
      <Filter>shared\raknet</Filter>
    </ClInclude>
    <ClInclude Include="..\..\shared\raknet\FileListTransfer.h">
      <Filter>shared\raknet</Filter>
    </ClInclude>
    <ClInclude Include="..\..\shared\raknet\FileListTransferCBInterface.h">
      <Filter>shared\raknet</Filter>
    </ClInclude>
    <ClInclude Include="..\..\shared\raknet\FileOperations.h">
      <Filter>shared\raknet</Filter>
    </ClInclude>
    <ClInclude Include="..\..\shared\raknet\FormatString.h">
      <Filter>shared\raknet</Filter>
    </ClInclude>
    <ClInclude Include="..\..\shared\raknet\FullyConnectedMesh2.h">
      <Filter>shared\raknet</Filter>
    </ClInclude>
    <ClInclude Include="..\..\shared\raknet\Getche.h">
      <Filter>shared\raknet</Filter>
    </ClInclude>
    <ClInclude Include="..\..\shared\raknet\Gets.h">
      <Filter>shared\raknet</Filter>
    </ClInclude>
    <ClInclude Include="..\..\shared\raknet\GetTime.h">
      <Filter>shared\raknet</Filter>
    </ClInclude>
    <ClInclude Include="..\..\shared\raknet\gettimeofday.h">
      <Filter>shared\raknet</Filter>
    </ClInclude>
    <ClInclude Include="..\..\shared\raknet\GridSectorizer.h">
      <Filter>shared\raknet</Filter>
    </ClInclude>
    <ClInclude Include="..\..\shared\raknet\HTTPConnection.h">
      <Filter>shared\raknet</Filter>
    </ClInclude>
    <ClInclude Include="..\..\shared\raknet\IncrementalReadInterface.h">
      <Filter>shared\raknet</Filter>
    </ClInclude>
    <ClInclude Include="..\..\shared\raknet\InternalPacket.h">
      <Filter>shared\raknet</Filter>
    </ClInclude>
    <ClInclude Include="..\..\shared\raknet\Itoa.h">
      <Filter>shared\raknet</Filter>
    </ClInclude>
    <ClInclude Include="..\..\shared\raknet\Kbhit.h">
      <Filter>shared\raknet</Filter>
    </ClInclude>
    <ClInclude Include="..\..\shared\raknet\LinuxStrings.h">
      <Filter>shared\raknet</Filter>
    </ClInclude>
    <ClInclude Include="..\..\shared\raknet\LocklessTypes.h">
      <Filter>shared\raknet</Filter>
    </ClInclude>
    <ClInclude Include="..\..\shared\raknet\LogCommandParser.h">
      <Filter>shared\raknet</Filter>
    </ClInclude>
    <ClInclude Include="..\..\shared\raknet\MessageFilter.h">
      <Filter>shared\raknet</Filter>
    </ClInclude>
    <ClInclude Include="..\..\shared\raknet\MessageIdentifiers.h">
      <Filter>shared\raknet</Filter>
    </ClInclude>
    <ClInclude Include="..\..\shared\raknet\MTUSize.h">
      <Filter>shared\raknet</Filter>
    </ClInclude>
    <ClInclude Include="..\..\shared\raknet\NativeFeatureIncludes.h">
      <Filter>shared\raknet</Filter>
    </ClInclude>
    <ClInclude Include="..\..\shared\raknet\NativeFeatureIncludesOverrides.h">
      <Filter>shared\raknet</Filter>
    </ClInclude>
    <ClInclude Include="..\..\shared\raknet\NativeTypes.h">
      <Filter>shared\raknet</Filter>
    </ClInclude>
    <ClInclude Include="..\..\shared\raknet\NatPunchthroughClient.h">
      <Filter>shared\raknet</Filter>
    </ClInclude>
    <ClInclude Include="..\..\shared\raknet\NatPunchthroughServer.h">
      <Filter>shared\raknet</Filter>
    </ClInclude>
    <ClInclude Include="..\..\shared\raknet\NatTypeDetectionClient.h">
      <Filter>shared\raknet</Filter>
    </ClInclude>
    <ClInclude Include="..\..\shared\raknet\NatTypeDetectionCommon.h">
      <Filter>shared\raknet</Filter>
    </ClInclude>
    <ClInclude Include="..\..\shared\raknet\NatTypeDetectionServer.h">
      <Filter>shared\raknet</Filter>
    </ClInclude>
    <ClInclude Include="..\..\shared\raknet\NetworkIDManager.h">
      <Filter>shared\raknet</Filter>
    </ClInclude>
    <ClInclude Include="..\..\shared\raknet\NetworkIDObject.h">
      <Filter>shared\raknet</Filter>
    </ClInclude>
    <ClInclude Include="..\..\shared\raknet\PacketConsoleLogger.h">
      <Filter>shared\raknet</Filter>
    </ClInclude>
    <ClInclude Include="..\..\shared\raknet\PacketFileLogger.h">
      <Filter>shared\raknet</Filter>
    </ClInclude>
    <ClInclude Include="..\..\shared\raknet\PacketizedTCP.h">
      <Filter>shared\raknet</Filter>
    </ClInclude>
    <ClInclude Include="..\..\shared\raknet\PacketLogger.h">
      <Filter>shared\raknet</Filter>
    </ClInclude>
    <ClInclude Include="..\..\shared\raknet\PacketOutputWindowLogger.h">
      <Filter>shared\raknet</Filter>
    </ClInclude>
    <ClInclude Include="..\..\shared\raknet\PacketPool.h">
      <Filter>shared\raknet</Filter>
    </ClInclude>
    <ClInclude Include="..\..\shared\raknet\PacketPriority.h">
      <Filter>shared\raknet</Filter>
    </ClInclude>
    <ClInclude Include="..\..\shared\raknet\PluginInterface2.h">
      <Filter>shared\raknet</Filter>
    </ClInclude>
    <ClInclude Include="..\..\shared\raknet\PS3Includes.h">
      <Filter>shared\raknet</Filter>
    </ClInclude>
    <ClInclude Include="..\..\shared\raknet\Rackspace.h">
      <Filter>shared\raknet</Filter>
    </ClInclude>
    <ClInclude Include="..\..\shared\raknet\RakAlloca.h">
      <Filter>shared\raknet</Filter>
    </ClInclude>
    <ClInclude Include="..\..\shared\raknet\RakAssert.h">
      <Filter>shared\raknet</Filter>
    </ClInclude>
    <ClInclude Include="..\..\shared\raknet\RakMemoryOverride.h">
      <Filter>shared\raknet</Filter>
    </ClInclude>
    <ClInclude Include="..\..\shared\raknet\RakNetCommandParser.h">
      <Filter>shared\raknet</Filter>
    </ClInclude>
    <ClInclude Include="..\..\shared\raknet\RakNetDefines.h">
      <Filter>shared\raknet</Filter>
    </ClInclude>
    <ClInclude Include="..\..\shared\raknet\RakNetDefinesOverrides.h">
      <Filter>shared\raknet</Filter>
    </ClInclude>
    <ClInclude Include="..\..\shared\raknet\RakNetSmartPtr.h">
      <Filter>shared\raknet</Filter>
    </ClInclude>
    <ClInclude Include="..\..\shared\raknet\RakNetSocket.h">
      <Filter>shared\raknet</Filter>
    </ClInclude>
    <ClInclude Include="..\..\shared\raknet\RakNetStatistics.h">
      <Filter>shared\raknet</Filter>
    </ClInclude>
    <ClInclude Include="..\..\shared\raknet\RakNetTime.h">
      <Filter>shared\raknet</Filter>
    </ClInclude>
    <ClInclude Include="..\..\shared\raknet\RakNetTransport2.h">
      <Filter>shared\raknet</Filter>
    </ClInclude>
    <ClInclude Include="..\..\shared\raknet\RakNetTypes.h">
      <Filter>shared\raknet</Filter>
    </ClInclude>
    <ClInclude Include="..\..\shared\raknet\RakNetVersion.h">
      <Filter>shared\raknet</Filter>
    </ClInclude>
    <ClInclude Include="..\..\shared\raknet\RakPeer.h">
      <Filter>shared\raknet</Filter>
    </ClInclude>
    <ClInclude Include="..\..\shared\raknet\RakPeerInterface.h">
      <Filter>shared\raknet</Filter>
    </ClInclude>
    <ClInclude Include="..\..\shared\raknet\RakSleep.h">
      <Filter>shared\raknet</Filter>
    </ClInclude>
    <ClInclude Include="..\..\shared\raknet\RakString.h">
      <Filter>shared\raknet</Filter>
    </ClInclude>
    <ClInclude Include="..\..\shared\raknet\RakThread.h">
      <Filter>shared\raknet</Filter>
    </ClInclude>
    <ClInclude Include="..\..\shared\raknet\RakWString.h">
      <Filter>shared\raknet</Filter>
    </ClInclude>
    <ClInclude Include="..\..\shared\raknet\Rand.h">
      <Filter>shared\raknet</Filter>
    </ClInclude>
    <ClInclude Include="..\..\shared\raknet\rdlmalloc-options.h">
      <Filter>shared\raknet</Filter>
    </ClInclude>
    <ClInclude Include="..\..\shared\raknet\rdlmalloc.h">
      <Filter>shared\raknet</Filter>
    </ClInclude>
    <ClInclude Include="..\..\shared\raknet\ReadyEvent.h">
      <Filter>shared\raknet</Filter>
    </ClInclude>
    <ClInclude Include="..\..\shared\raknet\RefCountedObj.h">
      <Filter>shared\raknet</Filter>
    </ClInclude>
    <ClInclude Include="..\..\shared\raknet\ReliabilityLayer.h">
      <Filter>shared\raknet</Filter>
    </ClInclude>
    <ClInclude Include="..\..\shared\raknet\ReplicaEnums.h">
      <Filter>shared\raknet</Filter>
    </ClInclude>
    <ClInclude Include="..\..\shared\raknet\ReplicaManager3.h">
      <Filter>shared\raknet</Filter>
    </ClInclude>
    <ClInclude Include="..\..\shared\raknet\Router2.h">
      <Filter>shared\raknet</Filter>
    </ClInclude>
    <ClInclude Include="..\..\shared\raknet\RPC4Plugin.h">
      <Filter>shared\raknet</Filter>
    </ClInclude>
    <ClInclude Include="..\..\shared\raknet\SecureHandshake.h">
      <Filter>shared\raknet</Filter>
    </ClInclude>
    <ClInclude Include="..\..\shared\raknet\SendToThread.h">
      <Filter>shared\raknet</Filter>
    </ClInclude>
    <ClInclude Include="..\..\shared\raknet\SHA1.h">
      <Filter>shared\raknet</Filter>
    </ClInclude>
    <ClInclude Include="..\..\shared\raknet\SignaledEvent.h">
      <Filter>shared\raknet</Filter>
    </ClInclude>
    <ClInclude Include="..\..\shared\raknet\SimpleMutex.h">
      <Filter>shared\raknet</Filter>
    </ClInclude>
    <ClInclude Include="..\..\shared\raknet\SimpleTCPServer.h">
      <Filter>shared\raknet</Filter>
    </ClInclude>
    <ClInclude Include="..\..\shared\raknet\SingleProducerConsumer.h">
      <Filter>shared\raknet</Filter>
    </ClInclude>
    <ClInclude Include="..\..\shared\raknet\SocketDefines.h">
      <Filter>shared\raknet</Filter>
    </ClInclude>
    <ClInclude Include="..\..\shared\raknet\SocketIncludes.h">
      <Filter>shared\raknet</Filter>
    </ClInclude>
    <ClInclude Include="..\..\shared\raknet\SocketLayer.h">
      <Filter>shared\raknet</Filter>
    </ClInclude>
    <ClInclude Include="..\..\shared\raknet\StringCompressor.h">
      <Filter>shared\raknet</Filter>
    </ClInclude>
    <ClInclude Include="..\..\shared\raknet\StringTable.h">
      <Filter>shared\raknet</Filter>
    </ClInclude>
    <ClInclude Include="..\..\shared\raknet\SuperFastHash.h">
      <Filter>shared\raknet</Filter>
    </ClInclude>
    <ClInclude Include="..\..\shared\raknet\TableSerializer.h">
      <Filter>shared\raknet</Filter>
    </ClInclude>
    <ClInclude Include="..\..\shared\raknet\TCPInterface.h">
      <Filter>shared\raknet</Filter>
    </ClInclude>
    <ClInclude Include="..\..\shared\raknet\TeamBalancer.h">
      <Filter>shared\raknet</Filter>
    </ClInclude>
    <ClInclude Include="..\..\shared\raknet\TelnetTransport.h">
      <Filter>shared\raknet</Filter>
    </ClInclude>
    <ClInclude Include="..\..\shared\raknet\ThreadPool.h">
      <Filter>shared\raknet</Filter>
    </ClInclude>
    <ClInclude Include="..\..\shared\raknet\ThreadsafePacketLogger.h">
      <Filter>shared\raknet</Filter>
    </ClInclude>
    <ClInclude Include="..\..\shared\raknet\TransportInterface.h">
      <Filter>shared\raknet</Filter>
    </ClInclude>
    <ClInclude Include="..\..\shared\raknet\TwoWayAuthentication.h">
      <Filter>shared\raknet</Filter>
    </ClInclude>
    <ClInclude Include="..\..\shared\raknet\UDPForwarder.h">
      <Filter>shared\raknet</Filter>
    </ClInclude>
    <ClInclude Include="..\..\shared\raknet\UDPProxyClient.h">
      <Filter>shared\raknet</Filter>
    </ClInclude>
    <ClInclude Include="..\..\shared\raknet\UDPProxyCommon.h">
      <Filter>shared\raknet</Filter>
    </ClInclude>
    <ClInclude Include="..\..\shared\raknet\UDPProxyCoordinator.h">
      <Filter>shared\raknet</Filter>
    </ClInclude>
    <ClInclude Include="..\..\shared\raknet\UDPProxyServer.h">
      <Filter>shared\raknet</Filter>
    </ClInclude>
    <ClInclude Include="..\..\shared\raknet\VariableDeltaSerializer.h">
      <Filter>shared\raknet</Filter>
    </ClInclude>
    <ClInclude Include="..\..\shared\raknet\VariableListDeltaTracker.h">
      <Filter>shared\raknet</Filter>
    </ClInclude>
    <ClInclude Include="..\..\shared\raknet\VariadicSQLParser.h">
      <Filter>shared\raknet</Filter>
    </ClInclude>
    <ClInclude Include="..\..\shared\raknet\VitaIncludes.h">
      <Filter>shared\raknet</Filter>
    </ClInclude>
    <ClInclude Include="..\..\shared\raknet\WindowsIncludes.h">
      <Filter>shared\raknet</Filter>
    </ClInclude>
    <ClInclude Include="..\..\shared\raknet\WSAStartupSingleton.h">
      <Filter>shared\raknet</Filter>
    </ClInclude>
    <ClInclude Include="..\..\shared\raknet\XBox360Includes.h">
      <Filter>shared\raknet</Filter>
    </ClInclude>
    <ClInclude Include="..\..\shared\raknet\_FindFirst.h">
      <Filter>shared\raknet</Filter>
    </ClInclude>
    <ClInclude Include="..\..\server\graphics\includes\GameGUI.h">
      <Filter>server\graphics</Filter>
    </ClInclude>
    <ClInclude Include="..\..\server\GameIncludes.h">
      <Filter>server</Filter>
    </ClInclude>
    <ClInclude Include="..\..\shared\base\includes\AudioCore.h">
      <Filter>shared\base</Filter>
    </ClInclude>
    <ClInclude Include="..\..\shared\base\includes\GameCore.h">
      <Filter>shared\base</Filter>
    </ClInclude>
    <ClInclude Include="..\..\shared\graphics\includes\ViewCamera.h">
      <Filter>shared\graphics</Filter>
    </ClInclude>
    <ClInclude Include="..\..\shared\SharedIncludes.h">
      <Filter>shared</Filter>
    </ClInclude>
    <ClInclude Include="..\..\shared\physics\includes\FuckOgreBulletWheeledRigidBody.h">
      <Filter>shared\physics</Filter>
    </ClInclude>
    <ClInclude Include="..\..\shared\physics\includes\PlayerCollisions.h">
      <Filter>shared\physics</Filter>
    </ClInclude>
    <ClInclude Include="..\..\shared\base\includes\Powerup.h">
      <Filter>shared\base</Filter>
    </ClInclude>
    <ClInclude Include="..\..\shared\graphics\includes\CarCam.h">
      <Filter>shared\graphics</Filter>
    </ClInclude>
    <ClInclude Include="..\..\shared\base\includes\PowerupHealth.h">
      <Filter>shared\base</Filter>
    </ClInclude>
    <ClInclude Include="..\..\shared\base\includes\PowerupMass.h">
      <Filter>shared\base</Filter>
    </ClInclude>
    <ClInclude Include="..\..\shared\base\includes\PowerupPool.h">
      <Filter>shared\base</Filter>
    </ClInclude>
    <ClInclude Include="..\..\shared\base\includes\PowerupRandom.h">
      <Filter>shared\base</Filter>
    </ClInclude>
    <ClInclude Include="..\..\shared\base\includes\PowerupSpeed.h">
      <Filter>shared\base</Filter>
    </ClInclude>
    <ClInclude Include="..\..\shared\physics\includes\cars\SmallCar.h">
      <Filter>shared\physics\cars</Filter>
    </ClInclude>
    <ClInclude Include="..\..\shared\physics\includes\cars\TruckCar.h">
      <Filter>shared\physics\cars</Filter>
    </ClInclude>
  </ItemGroup>
  <ItemGroup>
    <ResourceCompile Include="Collision Domain.rc" />
  </ItemGroup>
  <ItemGroup>
    <ClCompile Include="..\..\server\base\Player.cpp">
      <Filter>server\base</Filter>
    </ClCompile>
    <ClCompile Include="..\..\server\gameplay\Gameplay.cpp">
      <Filter>server\gameplay</Filter>
    </ClCompile>
    <ClCompile Include="..\..\server\gameplay\Team.cpp">
      <Filter>server\gameplay</Filter>
    </ClCompile>
    <ClCompile Include="..\..\server\graphics\BigScreen.cpp">
      <Filter>server\graphics</Filter>
    </ClCompile>
    <ClCompile Include="..\..\server\graphics\GraphicsApplication.cpp">
      <Filter>server\graphics</Filter>
    </ClCompile>
    <ClCompile Include="..\..\server\graphics\GraphicsCore.cpp">
      <Filter>server\graphics</Filter>
    </ClCompile>
    <ClCompile Include="..\..\server\graphics\ViewportManager.cpp">
      <Filter>server\graphics</Filter>
    </ClCompile>
    <ClCompile Include="..\..\server\networking\NetworkCore.cpp">
      <Filter>server\networking</Filter>
    </ClCompile>
    <ClCompile Include="..\..\server\networking\PlayerPool.cpp">
      <Filter>server\networking</Filter>
    </ClCompile>
    <ClCompile Include="..\..\shared\base\CircularBuffer.cpp">
      <Filter>shared\base</Filter>
    </ClCompile>
    <ClCompile Include="..\..\shared\base\Input.cpp">
      <Filter>shared\base</Filter>
    </ClCompile>
    <ClCompile Include="..\..\shared\base\InputState.cpp">
      <Filter>shared\base</Filter>
    </ClCompile>
    <ClCompile Include="..\..\shared\base\stdafx.cpp">
      <Filter>shared\base</Filter>
    </ClCompile>
    <ClCompile Include="..\..\shared\physics\Car.cpp">
      <Filter>shared\physics</Filter>
    </ClCompile>
    <ClCompile Include="..\..\shared\physics\PhysicsCore.cpp">
      <Filter>shared\physics</Filter>
    </ClCompile>
    <ClCompile Include="..\..\shared\physics\cars\SimpleCoupeCar.cpp">
      <Filter>shared\physics\cars</Filter>
    </ClCompile>
    <ClCompile Include="..\..\shared\raknet\BitStream.cpp">
      <Filter>shared\raknet</Filter>
    </ClCompile>
    <ClCompile Include="..\..\shared\raknet\CCRakNetSlidingWindow.cpp">
      <Filter>shared\raknet</Filter>
    </ClCompile>
    <ClCompile Include="..\..\shared\raknet\CCRakNetUDT.cpp">
      <Filter>shared\raknet</Filter>
    </ClCompile>
    <ClCompile Include="..\..\shared\raknet\CheckSum.cpp">
      <Filter>shared\raknet</Filter>
    </ClCompile>
    <ClCompile Include="..\..\shared\raknet\CloudClient.cpp">
      <Filter>shared\raknet</Filter>
    </ClCompile>
    <ClCompile Include="..\..\shared\raknet\CloudCommon.cpp">
      <Filter>shared\raknet</Filter>
    </ClCompile>
    <ClCompile Include="..\..\shared\raknet\CloudServer.cpp">
      <Filter>shared\raknet</Filter>
    </ClCompile>
    <ClCompile Include="..\..\shared\raknet\CommandParserInterface.cpp">
      <Filter>shared\raknet</Filter>
    </ClCompile>
    <ClCompile Include="..\..\shared\raknet\ConnectionGraph2.cpp">
      <Filter>shared\raknet</Filter>
    </ClCompile>
    <ClCompile Include="..\..\shared\raknet\ConsoleServer.cpp">
      <Filter>shared\raknet</Filter>
    </ClCompile>
    <ClCompile Include="..\..\shared\raknet\DataCompressor.cpp">
      <Filter>shared\raknet</Filter>
    </ClCompile>
    <ClCompile Include="..\..\shared\raknet\DirectoryDeltaTransfer.cpp">
      <Filter>shared\raknet</Filter>
    </ClCompile>
    <ClCompile Include="..\..\shared\raknet\DS_BytePool.cpp">
      <Filter>shared\raknet</Filter>
    </ClCompile>
    <ClCompile Include="..\..\shared\raknet\DS_ByteQueue.cpp">
      <Filter>shared\raknet</Filter>
    </ClCompile>
    <ClCompile Include="..\..\shared\raknet\DS_HuffmanEncodingTree.cpp">
      <Filter>shared\raknet</Filter>
    </ClCompile>
    <ClCompile Include="..\..\shared\raknet\DS_Table.cpp">
      <Filter>shared\raknet</Filter>
    </ClCompile>
    <ClCompile Include="..\..\shared\raknet\DynDNS.cpp">
      <Filter>shared\raknet</Filter>
    </ClCompile>
    <ClCompile Include="..\..\shared\raknet\EmailSender.cpp">
      <Filter>shared\raknet</Filter>
    </ClCompile>
    <ClCompile Include="..\..\shared\raknet\EncodeClassName.cpp">
      <Filter>shared\raknet</Filter>
    </ClCompile>
    <ClCompile Include="..\..\shared\raknet\EpochTimeToString.cpp">
      <Filter>shared\raknet</Filter>
    </ClCompile>
    <ClCompile Include="..\..\shared\raknet\FileList.cpp">
      <Filter>shared\raknet</Filter>
    </ClCompile>
    <ClCompile Include="..\..\shared\raknet\FileListTransfer.cpp">
      <Filter>shared\raknet</Filter>
    </ClCompile>
    <ClCompile Include="..\..\shared\raknet\FileOperations.cpp">
      <Filter>shared\raknet</Filter>
    </ClCompile>
    <ClCompile Include="..\..\shared\raknet\FormatString.cpp">
      <Filter>shared\raknet</Filter>
    </ClCompile>
    <ClCompile Include="..\..\shared\raknet\FullyConnectedMesh2.cpp">
      <Filter>shared\raknet</Filter>
    </ClCompile>
    <ClCompile Include="..\..\shared\raknet\Getche.cpp">
      <Filter>shared\raknet</Filter>
    </ClCompile>
    <ClCompile Include="..\..\shared\raknet\Gets.cpp">
      <Filter>shared\raknet</Filter>
    </ClCompile>
    <ClCompile Include="..\..\shared\raknet\GetTime.cpp">
      <Filter>shared\raknet</Filter>
    </ClCompile>
    <ClCompile Include="..\..\shared\raknet\gettimeofday.cpp">
      <Filter>shared\raknet</Filter>
    </ClCompile>
    <ClCompile Include="..\..\shared\raknet\GridSectorizer.cpp">
      <Filter>shared\raknet</Filter>
    </ClCompile>
    <ClCompile Include="..\..\shared\raknet\HTTPConnection.cpp">
      <Filter>shared\raknet</Filter>
    </ClCompile>
    <ClCompile Include="..\..\shared\raknet\IncrementalReadInterface.cpp">
      <Filter>shared\raknet</Filter>
    </ClCompile>
    <ClCompile Include="..\..\shared\raknet\Itoa.cpp">
      <Filter>shared\raknet</Filter>
    </ClCompile>
    <ClCompile Include="..\..\shared\raknet\LinuxStrings.cpp">
      <Filter>shared\raknet</Filter>
    </ClCompile>
    <ClCompile Include="..\..\shared\raknet\LocklessTypes.cpp">
      <Filter>shared\raknet</Filter>
    </ClCompile>
    <ClCompile Include="..\..\shared\raknet\LogCommandParser.cpp">
      <Filter>shared\raknet</Filter>
    </ClCompile>
    <ClCompile Include="..\..\shared\raknet\MessageFilter.cpp">
      <Filter>shared\raknet</Filter>
    </ClCompile>
    <ClCompile Include="..\..\shared\raknet\NatPunchthroughClient.cpp">
      <Filter>shared\raknet</Filter>
    </ClCompile>
    <ClCompile Include="..\..\shared\raknet\NatPunchthroughServer.cpp">
      <Filter>shared\raknet</Filter>
    </ClCompile>
    <ClCompile Include="..\..\shared\raknet\NatTypeDetectionClient.cpp">
      <Filter>shared\raknet</Filter>
    </ClCompile>
    <ClCompile Include="..\..\shared\raknet\NatTypeDetectionCommon.cpp">
      <Filter>shared\raknet</Filter>
    </ClCompile>
    <ClCompile Include="..\..\shared\raknet\NatTypeDetectionServer.cpp">
      <Filter>shared\raknet</Filter>
    </ClCompile>
    <ClCompile Include="..\..\shared\raknet\NetworkIDManager.cpp">
      <Filter>shared\raknet</Filter>
    </ClCompile>
    <ClCompile Include="..\..\shared\raknet\NetworkIDObject.cpp">
      <Filter>shared\raknet</Filter>
    </ClCompile>
    <ClCompile Include="..\..\shared\raknet\PacketConsoleLogger.cpp">
      <Filter>shared\raknet</Filter>
    </ClCompile>
    <ClCompile Include="..\..\shared\raknet\PacketFileLogger.cpp">
      <Filter>shared\raknet</Filter>
    </ClCompile>
    <ClCompile Include="..\..\shared\raknet\PacketizedTCP.cpp">
      <Filter>shared\raknet</Filter>
    </ClCompile>
    <ClCompile Include="..\..\shared\raknet\PacketLogger.cpp">
      <Filter>shared\raknet</Filter>
    </ClCompile>
    <ClCompile Include="..\..\shared\raknet\PacketOutputWindowLogger.cpp">
      <Filter>shared\raknet</Filter>
    </ClCompile>
    <ClCompile Include="..\..\shared\raknet\PluginInterface2.cpp">
      <Filter>shared\raknet</Filter>
    </ClCompile>
    <ClCompile Include="..\..\shared\raknet\Rackspace.cpp">
      <Filter>shared\raknet</Filter>
    </ClCompile>
    <ClCompile Include="..\..\shared\raknet\RakMemoryOverride.cpp">
      <Filter>shared\raknet</Filter>
    </ClCompile>
    <ClCompile Include="..\..\shared\raknet\RakNetCommandParser.cpp">
      <Filter>shared\raknet</Filter>
    </ClCompile>
    <ClCompile Include="..\..\shared\raknet\RakNetSocket.cpp">
      <Filter>shared\raknet</Filter>
    </ClCompile>
    <ClCompile Include="..\..\shared\raknet\RakNetStatistics.cpp">
      <Filter>shared\raknet</Filter>
    </ClCompile>
    <ClCompile Include="..\..\shared\raknet\RakNetTransport2.cpp">
      <Filter>shared\raknet</Filter>
    </ClCompile>
    <ClCompile Include="..\..\shared\raknet\RakNetTypes.cpp">
      <Filter>shared\raknet</Filter>
    </ClCompile>
    <ClCompile Include="..\..\shared\raknet\RakPeer.cpp">
      <Filter>shared\raknet</Filter>
    </ClCompile>
    <ClCompile Include="..\..\shared\raknet\RakSleep.cpp">
      <Filter>shared\raknet</Filter>
    </ClCompile>
    <ClCompile Include="..\..\shared\raknet\RakString.cpp">
      <Filter>shared\raknet</Filter>
    </ClCompile>
    <ClCompile Include="..\..\shared\raknet\RakThread.cpp">
      <Filter>shared\raknet</Filter>
    </ClCompile>
    <ClCompile Include="..\..\shared\raknet\RakWString.cpp">
      <Filter>shared\raknet</Filter>
    </ClCompile>
    <ClCompile Include="..\..\shared\raknet\Rand.cpp">
      <Filter>shared\raknet</Filter>
    </ClCompile>
    <ClCompile Include="..\..\shared\raknet\rdlmalloc.cpp">
      <Filter>shared\raknet</Filter>
    </ClCompile>
    <ClCompile Include="..\..\shared\raknet\ReadyEvent.cpp">
      <Filter>shared\raknet</Filter>
    </ClCompile>
    <ClCompile Include="..\..\shared\raknet\ReliabilityLayer.cpp">
      <Filter>shared\raknet</Filter>
    </ClCompile>
    <ClCompile Include="..\..\shared\raknet\ReplicaManager3.cpp">
      <Filter>shared\raknet</Filter>
    </ClCompile>
    <ClCompile Include="..\..\shared\raknet\Router2.cpp">
      <Filter>shared\raknet</Filter>
    </ClCompile>
    <ClCompile Include="..\..\shared\raknet\RPC4Plugin.cpp">
      <Filter>shared\raknet</Filter>
    </ClCompile>
    <ClCompile Include="..\..\shared\raknet\SecureHandshake.cpp">
      <Filter>shared\raknet</Filter>
    </ClCompile>
    <ClCompile Include="..\..\shared\raknet\SendToThread.cpp">
      <Filter>shared\raknet</Filter>
    </ClCompile>
    <ClCompile Include="..\..\shared\raknet\SHA1.cpp">
      <Filter>shared\raknet</Filter>
    </ClCompile>
    <ClCompile Include="..\..\shared\raknet\SignaledEvent.cpp">
      <Filter>shared\raknet</Filter>
    </ClCompile>
    <ClCompile Include="..\..\shared\raknet\SimpleMutex.cpp">
      <Filter>shared\raknet</Filter>
    </ClCompile>
    <ClCompile Include="..\..\shared\raknet\SocketLayer.cpp">
      <Filter>shared\raknet</Filter>
    </ClCompile>
    <ClCompile Include="..\..\shared\raknet\StringCompressor.cpp">
      <Filter>shared\raknet</Filter>
    </ClCompile>
    <ClCompile Include="..\..\shared\raknet\StringTable.cpp">
      <Filter>shared\raknet</Filter>
    </ClCompile>
    <ClCompile Include="..\..\shared\raknet\SuperFastHash.cpp">
      <Filter>shared\raknet</Filter>
    </ClCompile>
    <ClCompile Include="..\..\shared\raknet\TableSerializer.cpp">
      <Filter>shared\raknet</Filter>
    </ClCompile>
    <ClCompile Include="..\..\shared\raknet\TCPInterface.cpp">
      <Filter>shared\raknet</Filter>
    </ClCompile>
    <ClCompile Include="..\..\shared\raknet\TeamBalancer.cpp">
      <Filter>shared\raknet</Filter>
    </ClCompile>
    <ClCompile Include="..\..\shared\raknet\TelnetTransport.cpp">
      <Filter>shared\raknet</Filter>
    </ClCompile>
    <ClCompile Include="..\..\shared\raknet\ThreadsafePacketLogger.cpp">
      <Filter>shared\raknet</Filter>
    </ClCompile>
    <ClCompile Include="..\..\shared\raknet\TwoWayAuthentication.cpp">
      <Filter>shared\raknet</Filter>
    </ClCompile>
    <ClCompile Include="..\..\shared\raknet\UDPForwarder.cpp">
      <Filter>shared\raknet</Filter>
    </ClCompile>
    <ClCompile Include="..\..\shared\raknet\UDPProxyClient.cpp">
      <Filter>shared\raknet</Filter>
    </ClCompile>
    <ClCompile Include="..\..\shared\raknet\UDPProxyCoordinator.cpp">
      <Filter>shared\raknet</Filter>
    </ClCompile>
    <ClCompile Include="..\..\shared\raknet\UDPProxyServer.cpp">
      <Filter>shared\raknet</Filter>
    </ClCompile>
    <ClCompile Include="..\..\shared\raknet\VariableDeltaSerializer.cpp">
      <Filter>shared\raknet</Filter>
    </ClCompile>
    <ClCompile Include="..\..\shared\raknet\VariableListDeltaTracker.cpp">
      <Filter>shared\raknet</Filter>
    </ClCompile>
    <ClCompile Include="..\..\shared\raknet\VariadicSQLParser.cpp">
      <Filter>shared\raknet</Filter>
    </ClCompile>
    <ClCompile Include="..\..\shared\raknet\VitaIncludes.cpp">
      <Filter>shared\raknet</Filter>
    </ClCompile>
    <ClCompile Include="..\..\shared\raknet\WSAStartupSingleton.cpp">
      <Filter>shared\raknet</Filter>
    </ClCompile>
    <ClCompile Include="..\..\shared\raknet\_FindFirst.cpp">
      <Filter>shared\raknet</Filter>
    </ClCompile>
    <ClCompile Include="..\..\server\graphics\GameGUI.cpp">
      <Filter>server\graphics</Filter>
    </ClCompile>
    <ClCompile Include="..\..\shared\base\GameCore.cpp">
      <Filter>shared\base</Filter>
    </ClCompile>
    <ClCompile Include="..\..\shared\base\AudioCore.cpp">
      <Filter>shared\base</Filter>
    </ClCompile>
    <ClCompile Include="..\..\shared\graphics\ViewCamera.cpp">
      <Filter>shared\graphics</Filter>
    </ClCompile>
    <ClCompile Include="..\..\shared\physics\FuckOgreBulletWheeledRigidBody.cpp">
      <Filter>shared\physics</Filter>
    </ClCompile>
    <ClCompile Include="..\..\shared\physics\PlayerCollisions.cpp">
      <Filter>shared\physics</Filter>
    </ClCompile>
    <ClCompile Include="..\..\shared\graphics\CarCam.cpp">
      <Filter>shared\graphics</Filter>
    </ClCompile>
    <ClCompile Include="..\..\shared\base\PowerupHealth.cpp">
      <Filter>shared\base</Filter>
    </ClCompile>
    <ClCompile Include="..\..\shared\base\PowerupMass.cpp">
      <Filter>shared\base</Filter>
    </ClCompile>
    <ClCompile Include="..\..\shared\base\PowerupPool.cpp">
      <Filter>shared\base</Filter>
    </ClCompile>
    <ClCompile Include="..\..\shared\base\PowerupRandom.cpp">
      <Filter>shared\base</Filter>
    </ClCompile>
    <ClCompile Include="..\..\shared\base\PowerupSpeed.cpp">
      <Filter>shared\base</Filter>
    </ClCompile>
    <ClCompile Include="..\..\shared\physics\cars\SmallCar.cpp">
      <Filter>shared\physics\cars</Filter>
    </ClCompile>
    <ClCompile Include="..\..\shared\physics\cars\TruckCar.cpp">
      <Filter>shared\physics\cars</Filter>
    </ClCompile>
  </ItemGroup>
</Project>