<?xml version="1.0" encoding="utf-8"?>
<Project ToolsVersion="4.0" xmlns="http://schemas.microsoft.com/developer/msbuild/2003">
  <ItemGroup>
    <Filter Include="Source Files">
      <UniqueIdentifier>{4FC737F1-C7A5-4376-A066-2A32D752A2FF}</UniqueIdentifier>
      <Extensions>cpp;c;cc;cxx;def;odl;idl;hpj;bat;asm;asmx</Extensions>
    </Filter>
    <Filter Include="Header Files">
      <UniqueIdentifier>{93995380-89BD-4b04-88EB-625FBE52EBFB}</UniqueIdentifier>
      <Extensions>h;hpp;hxx;hm;inl;inc;xsd</Extensions>
    </Filter>
    <Filter Include="Source Files\base">
      <UniqueIdentifier>{9bcc088f-e475-48db-b691-cd176c880742}</UniqueIdentifier>
    </Filter>
    <Filter Include="Header Files\base">
      <UniqueIdentifier>{adfb0e50-0dab-4467-887d-9850110d6598}</UniqueIdentifier>
    </Filter>
    <Filter Include="Header Files\graphics">
      <UniqueIdentifier>{d9dbb8d5-3691-4256-b5fa-3c3769bf3efb}</UniqueIdentifier>
    </Filter>
    <Filter Include="Header Files\networking">
      <UniqueIdentifier>{7cc6f12a-41df-4781-bd2a-9a30238ae745}</UniqueIdentifier>
    </Filter>
    <Filter Include="Header Files\physics">
      <UniqueIdentifier>{f15eea44-9029-4b8c-9240-db26414096ed}</UniqueIdentifier>
    </Filter>
    <Filter Include="Source Files\graphics">
      <UniqueIdentifier>{ba896865-d80c-407b-a364-a4ea08e026f6}</UniqueIdentifier>
    </Filter>
    <Filter Include="Source Files\networking">
      <UniqueIdentifier>{f644ea68-b662-46ea-9d1d-fc3ff372e31f}</UniqueIdentifier>
    </Filter>
    <Filter Include="Source Files\physics">
      <UniqueIdentifier>{ae03ebbf-d2dd-4d8a-8ff2-ca1d393f959e}</UniqueIdentifier>
    </Filter>
    <Filter Include="Header Files\physics\cars">
      <UniqueIdentifier>{d4bb7c65-0b85-45f9-8b88-abd6a47119e5}</UniqueIdentifier>
    </Filter>
    <Filter Include="Source Files\physics\cars">
      <UniqueIdentifier>{8909bc17-8f86-4faf-9627-e4faa46ec79f}</UniqueIdentifier>
    </Filter>
    <Filter Include="Header Files\gameplay">
      <UniqueIdentifier>{c7f556ca-56fc-46be-9d81-887b4684a7f2}</UniqueIdentifier>
    </Filter>
    <Filter Include="Source Files\gameplay">
      <UniqueIdentifier>{43bd8c24-4b29-40bb-904c-47027482035d}</UniqueIdentifier>
    </Filter>
  </ItemGroup>
  <ItemGroup>
    <ClCompile Include="base\Frame.cpp">
      <Filter>Source Files\base</Filter>
    </ClCompile>
    <ClCompile Include="base\Input.cpp">
      <Filter>Source Files\base</Filter>
    </ClCompile>
    <ClCompile Include="base\InputState.cpp">
      <Filter>Source Files\base</Filter>
    </ClCompile>
    <ClCompile Include="base\Player.cpp">
      <Filter>Source Files\base</Filter>
    </ClCompile>
    <ClCompile Include="base\PlayerState.cpp">
      <Filter>Source Files\base</Filter>
    </ClCompile>
    <ClCompile Include="graphics\GraphicsApplication.cpp">
      <Filter>Source Files\graphics</Filter>
    </ClCompile>
    <ClCompile Include="graphics\GraphicsCore.cpp">
      <Filter>Source Files\graphics</Filter>
    </ClCompile>
    <ClCompile Include="physics\PhysicsCore.cpp">
      <Filter>Source Files\physics</Filter>
    </ClCompile>
    <ClCompile Include="base\CircularBuffer.cpp">
      <Filter>Source Files\base</Filter>
    </ClCompile>
    <ClCompile Include="base\stdafx.cpp">
      <Filter>Source Files\base</Filter>
    </ClCompile>
    <ClCompile Include="physics\cars\BulletBuggyCar.cpp">
      <Filter>Source Files\physics\cars</Filter>
    </ClCompile>
    <ClCompile Include="physics\cars\SimpleCoupeCar.cpp">
      <Filter>Source Files\physics\cars</Filter>
    </ClCompile>
    <ClCompile Include="physics\Car.cpp">
      <Filter>Source Files\physics</Filter>
    </ClCompile>
    <ClCompile Include="graphics\ViewportManager.cpp">
      <Filter>Source Files\graphics</Filter>
    </ClCompile>
    <ClCompile Include="gameplay\Gameplay.cpp">
      <Filter>Source Files\gameplay</Filter>
    </ClCompile>
    <ClCompile Include="gameplay\Team.cpp">
      <Filter>Source Files\gameplay</Filter>
    </ClCompile>
  </ItemGroup>
  <ItemGroup>
    <ClInclude Include="base\includes\Frame.h">
      <Filter>Header Files\base</Filter>
    </ClInclude>
    <ClInclude Include="base\includes\Input.h">
      <Filter>Header Files\base</Filter>
    </ClInclude>
    <ClInclude Include="base\includes\InputState.h">
      <Filter>Header Files\base</Filter>
    </ClInclude>
    <ClInclude Include="base\includes\Player.h">
      <Filter>Header Files\base</Filter>
    </ClInclude>
    <ClInclude Include="base\includes\PlayerState.h">
      <Filter>Header Files\base</Filter>
    </ClInclude>
    <ClInclude Include="graphics\includes\GraphicsApplication.h">
      <Filter>Header Files\graphics</Filter>
    </ClInclude>
    <ClInclude Include="graphics\includes\GraphicsCore.h">
      <Filter>Header Files\graphics</Filter>
    </ClInclude>
    <ClInclude Include="physics\includes\PhysicsCore.h">
      <Filter>Header Files\physics</Filter>
    </ClInclude>
    <ClInclude Include="base\includes\CircularBuffer.h">
      <Filter>Header Files\base</Filter>
    </ClInclude>
    <ClInclude Include="physics\includes\Car.h">
      <Filter>Header Files\physics</Filter>
    </ClInclude>
    <ClInclude Include="base\includes\stdafx.h">
      <Filter>Header Files\base</Filter>
    </ClInclude>
    <ClInclude Include="physics\includes\cars\BulletBuggyCar.h">
      <Filter>Header Files\physics\cars</Filter>
    </ClInclude>
    <ClInclude Include="physics\includes\cars\SimpleCoupeCar.h">
      <Filter>Header Files\physics\cars</Filter>
    </ClInclude>
    <ClInclude Include="graphics\includes\ViewportManager.h">
      <Filter>Header Files\graphics</Filter>
    </ClInclude>
    <ClInclude Include="gameplay\includes\Team.h">
      <Filter>Header Files\gameplay</Filter>
    </ClInclude>
    <ClInclude Include="gameplay\includes\Gameplay.h">
      <Filter>Header Files\gameplay</Filter>
    </ClInclude>
  </ItemGroup>
  <ItemGroup>
    <None Include="ClassDiagram1.cd" />
  </ItemGroup>
</Project>